
Microsoft Visual Studio Solution File, Format Version 12.00
Project("{FAE04EC0-301F-11D3-BF4B-00C04F79EFBC}") = "Snowdrop.Data", "Snowdrop.Data\Snowdrop.Data.csproj", "{13A6B515-A188-49A4-BC5F-F421A0CFD7A1}"
EndProject
Project("{FAE04EC0-301F-11D3-BF4B-00C04F79EFBC}") = "Snowdrop.DAL", "Snowdrop.DAL\Snowdrop.DAL.csproj", "{88914E41-FAE0-41D3-A743-9F85308FE0B5}"
EndProject
Project("{FAE04EC0-301F-11D3-BF4B-00C04F79EFBC}") = "Snowdrop.Db", "Snowdrop.Db\Snowdrop.Db.csproj", "{27CEA0C9-00EF-47B6-826C-762413CE59B4}"
EndProject
Project("{FAE04EC0-301F-11D3-BF4B-00C04F79EFBC}") = "Snowdrop.Infrastructure", "Snowdrop.Infrastructure\Snowdrop.Infrastructure.csproj", "{1C0A6425-7DDE-4E9E-AA3D-BA80269ABD5A}"
EndProject
Project("{2150E333-8FDC-42A3-9474-1A3956D46DE8}") = "Tests", "Tests", "{82E2819F-3CCE-4CEB-AB14-56549F189B08}"
EndProject
Project("{FAE04EC0-301F-11D3-BF4B-00C04F79EFBC}") = "Snowdrop.DAL.Tests", "Snowdrop.DAL.Tests\Snowdrop.DAL.Tests.csproj", "{D0839112-B12B-4ACF-A238-EF29D47B39A7}"
EndProject
Project("{FAE04EC0-301F-11D3-BF4B-00C04F79EFBC}") = "Snowdrop.BL", "Snowdrop.BL\Snowdrop.BL.csproj", "{0410F60C-026F-4987-B843-16F8BD342DDF}"
EndProject
Project("{FAE04EC0-301F-11D3-BF4B-00C04F79EFBC}") = "Snowdrop.BL.Tests.Unit", "Snowdrop.BL.Tests.Unit\Snowdrop.BL.Tests.Unit.csproj", "{FA058D33-9948-4669-AEFF-222C38988A50}"
EndProject
Project("{FAE04EC0-301F-11D3-BF4B-00C04F79EFBC}") = "Snowdrop.Auth", "Snowdrop.Auth\Snowdrop.Auth.csproj", "{E803E09B-425B-479E-9B75-EE16069619A8}"
EndProject
Project("{FAE04EC0-301F-11D3-BF4B-00C04F79EFBC}") = "Snowdrop.Api", "Snowdrop.Api\Snowdrop.Api.csproj", "{9BE1FEF4-FB30-4236-AE6B-BD2EC3B481A4}"
EndProject
Project("{FAE04EC0-301F-11D3-BF4B-00C04F79EFBC}") = "Snowdrop.Api.Tests.Intergation", "Snowdrop.Api.Tests.Intergation\Snowdrop.Api.Tests.Intergation.csproj", "{2C0F9A88-5E06-4B2A-BA8F-54EF4987C03E}"
EndProject
Global
	GlobalSection(SolutionConfigurationPlatforms) = preSolution
		Debug|Any CPU = Debug|Any CPU
		Release|Any CPU = Release|Any CPU
	EndGlobalSection
	GlobalSection(ProjectConfigurationPlatforms) = postSolution
		{13A6B515-A188-49A4-BC5F-F421A0CFD7A1}.Debug|Any CPU.ActiveCfg = Debug|Any CPU
		{13A6B515-A188-49A4-BC5F-F421A0CFD7A1}.Debug|Any CPU.Build.0 = Debug|Any CPU
		{13A6B515-A188-49A4-BC5F-F421A0CFD7A1}.Release|Any CPU.ActiveCfg = Release|Any CPU
		{13A6B515-A188-49A4-BC5F-F421A0CFD7A1}.Release|Any CPU.Build.0 = Release|Any CPU
		{88914E41-FAE0-41D3-A743-9F85308FE0B5}.Debug|Any CPU.ActiveCfg = Debug|Any CPU
		{88914E41-FAE0-41D3-A743-9F85308FE0B5}.Debug|Any CPU.Build.0 = Debug|Any CPU
		{88914E41-FAE0-41D3-A743-9F85308FE0B5}.Release|Any CPU.ActiveCfg = Release|Any CPU
		{88914E41-FAE0-41D3-A743-9F85308FE0B5}.Release|Any CPU.Build.0 = Release|Any CPU
		{27CEA0C9-00EF-47B6-826C-762413CE59B4}.Debug|Any CPU.ActiveCfg = Debug|Any CPU
		{27CEA0C9-00EF-47B6-826C-762413CE59B4}.Debug|Any CPU.Build.0 = Debug|Any CPU
		{27CEA0C9-00EF-47B6-826C-762413CE59B4}.Release|Any CPU.ActiveCfg = Release|Any CPU
		{27CEA0C9-00EF-47B6-826C-762413CE59B4}.Release|Any CPU.Build.0 = Release|Any CPU
		{1C0A6425-7DDE-4E9E-AA3D-BA80269ABD5A}.Debug|Any CPU.ActiveCfg = Debug|Any CPU
		{1C0A6425-7DDE-4E9E-AA3D-BA80269ABD5A}.Debug|Any CPU.Build.0 = Debug|Any CPU
		{1C0A6425-7DDE-4E9E-AA3D-BA80269ABD5A}.Release|Any CPU.ActiveCfg = Release|Any CPU
		{1C0A6425-7DDE-4E9E-AA3D-BA80269ABD5A}.Release|Any CPU.Build.0 = Release|Any CPU
		{D0839112-B12B-4ACF-A238-EF29D47B39A7}.Debug|Any CPU.ActiveCfg = Debug|Any CPU
		{D0839112-B12B-4ACF-A238-EF29D47B39A7}.Debug|Any CPU.Build.0 = Debug|Any CPU
		{D0839112-B12B-4ACF-A238-EF29D47B39A7}.Release|Any CPU.ActiveCfg = Release|Any CPU
		{D0839112-B12B-4ACF-A238-EF29D47B39A7}.Release|Any CPU.Build.0 = Release|Any CPU
		{0410F60C-026F-4987-B843-16F8BD342DDF}.Debug|Any CPU.ActiveCfg = Debug|Any CPU
		{0410F60C-026F-4987-B843-16F8BD342DDF}.Debug|Any CPU.Build.0 = Debug|Any CPU
		{0410F60C-026F-4987-B843-16F8BD342DDF}.Release|Any CPU.ActiveCfg = Release|Any CPU
		{0410F60C-026F-4987-B843-16F8BD342DDF}.Release|Any CPU.Build.0 = Release|Any CPU
		{FA058D33-9948-4669-AEFF-222C38988A50}.Debug|Any CPU.ActiveCfg = Debug|Any CPU
		{FA058D33-9948-4669-AEFF-222C38988A50}.Debug|Any CPU.Build.0 = Debug|Any CPU
		{FA058D33-9948-4669-AEFF-222C38988A50}.Release|Any CPU.ActiveCfg = Release|Any CPU
		{FA058D33-9948-4669-AEFF-222C38988A50}.Release|Any CPU.Build.0 = Release|Any CPU
		{E803E09B-425B-479E-9B75-EE16069619A8}.Debug|Any CPU.ActiveCfg = Debug|Any CPU
		{E803E09B-425B-479E-9B75-EE16069619A8}.Debug|Any CPU.Build.0 = Debug|Any CPU
		{E803E09B-425B-479E-9B75-EE16069619A8}.Release|Any CPU.ActiveCfg = Release|Any CPU
		{E803E09B-425B-479E-9B75-EE16069619A8}.Release|Any CPU.Build.0 = Release|Any CPU
		{9BE1FEF4-FB30-4236-AE6B-BD2EC3B481A4}.Debug|Any CPU.ActiveCfg = Debug|Any CPU
		{9BE1FEF4-FB30-4236-AE6B-BD2EC3B481A4}.Debug|Any CPU.Build.0 = Debug|Any CPU
		{9BE1FEF4-FB30-4236-AE6B-BD2EC3B481A4}.Release|Any CPU.ActiveCfg = Release|Any CPU
		{9BE1FEF4-FB30-4236-AE6B-BD2EC3B481A4}.Release|Any CPU.Build.0 = Release|Any CPU
		{2C0F9A88-5E06-4B2A-BA8F-54EF4987C03E}.Debug|Any CPU.ActiveCfg = Debug|Any CPU
		{2C0F9A88-5E06-4B2A-BA8F-54EF4987C03E}.Debug|Any CPU.Build.0 = Debug|Any CPU
		{2C0F9A88-5E06-4B2A-BA8F-54EF4987C03E}.Release|Any CPU.ActiveCfg = Release|Any CPU
		{2C0F9A88-5E06-4B2A-BA8F-54EF4987C03E}.Release|Any CPU.Build.0 = Release|Any CPU
	EndGlobalSection
	GlobalSection(NestedProjects) = preSolution
		{D0839112-B12B-4ACF-A238-EF29D47B39A7} = {82E2819F-3CCE-4CEB-AB14-56549F189B08}
		{FA058D33-9948-4669-AEFF-222C38988A50} = {82E2819F-3CCE-4CEB-AB14-56549F189B08}
		{2C0F9A88-5E06-4B2A-BA8F-54EF4987C03E} = {82E2819F-3CCE-4CEB-AB14-56549F189B08}
	EndGlobalSection
EndGlobal
